{
  "requires": true,
  "lockfileVersion": 1,
  "dependencies": {
    "expo-sharing": {
      "version": "8.4.1",
      "resolved": "https://registry.npmjs.org/expo-sharing/-/expo-sharing-8.4.1.tgz",
      "integrity": "sha512-Qg6CJQPwE00lm3cZrq4spJT+ahsZa8z1g1FwItQ5FFIUTfli97P6i6g5q12jL5KWaGycbw+La/5/vgT40I9Oxg=="
    }
  }
}
